
Microsoft Visual Studio Solution File, Format Version 12.00
# Visual Studio Version 17
VisualStudioVersion = 17.3.32825.248
MinimumVisualStudioVersion = 10.0.40219.1
Project("{9A19103F-16F7-4668-BE54-9A1E7A4F7556}") = "CustomerRealationshipManagementSystem", "CustomerRealationshipManagementSystem\CustomerRealationshipManagementSystem.csproj", "{786078CC-D6E6-46D5-8D2C-8B538336B9C2}"
EndProject
Project("{9A19103F-16F7-4668-BE54-9A1E7A4F7556}") = "CustomerRealationshipManagementSystem.Services", "CustomerRealationshipManagementSystem.Services\CustomerRealationshipManagementSystem.Services.csproj", "{163DC817-8B89-424A-AAE1-87E1CBC87A10}"
EndProject
Project("{9A19103F-16F7-4668-BE54-9A1E7A4F7556}") = "CustomerRealationshipManagementSystem.DataBase", "CustomerRealationshipManagementSystem.DataBase\CustomerRealationshipManagementSystem.DataBase.csproj", "{07DEF010-FDEB-433F-8DAD-47C1D3C3B9E4}"
EndProject
Global
	GlobalSection(SolutionConfigurationPlatforms) = preSolution
		Debug|Any CPU = Debug|Any CPU
		Release|Any CPU = Release|Any CPU
	EndGlobalSection
	GlobalSection(ProjectConfigurationPlatforms) = postSolution
		{786078CC-D6E6-46D5-8D2C-8B538336B9C2}.Debug|Any CPU.ActiveCfg = Debug|Any CPU
		{786078CC-D6E6-46D5-8D2C-8B538336B9C2}.Debug|Any CPU.Build.0 = Debug|Any CPU
		{786078CC-D6E6-46D5-8D2C-8B538336B9C2}.Release|Any CPU.ActiveCfg = Release|Any CPU
		{786078CC-D6E6-46D5-8D2C-8B538336B9C2}.Release|Any CPU.Build.0 = Release|Any CPU
		{163DC817-8B89-424A-AAE1-87E1CBC87A10}.Debug|Any CPU.ActiveCfg = Debug|Any CPU
		{163DC817-8B89-424A-AAE1-87E1CBC87A10}.Debug|Any CPU.Build.0 = Debug|Any CPU
		{163DC817-8B89-424A-AAE1-87E1CBC87A10}.Release|Any CPU.ActiveCfg = Release|Any CPU
		{163DC817-8B89-424A-AAE1-87E1CBC87A10}.Release|Any CPU.Build.0 = Release|Any CPU
		{07DEF010-FDEB-433F-8DAD-47C1D3C3B9E4}.Debug|Any CPU.ActiveCfg = Debug|Any CPU
		{07DEF010-FDEB-433F-8DAD-47C1D3C3B9E4}.Debug|Any CPU.Build.0 = Debug|Any CPU
		{07DEF010-FDEB-433F-8DAD-47C1D3C3B9E4}.Release|Any CPU.ActiveCfg = Release|Any CPU
		{07DEF010-FDEB-433F-8DAD-47C1D3C3B9E4}.Release|Any CPU.Build.0 = Release|Any CPU
	EndGlobalSection
	GlobalSection(SolutionProperties) = preSolution
		HideSolutionNode = FALSE
	EndGlobalSection
	GlobalSection(ExtensibilityGlobals) = postSolution
		SolutionGuid = {A9CA0D25-BEB2-480A-B077-9FE3F39E862E}
	EndGlobalSection
EndGlobal
